
Microsoft Visual Studio Solution File, Format Version 12.00
# Visual Studio Version 16
VisualStudioVersion = 16.0.29905.134
MinimumVisualStudioVersion = 10.0.40219.1
Project("{9A19103F-16F7-4668-BE54-9A1E7A4F7556}") = "lab4", "lab4\lab4.csproj", "{6ED26C21-B2C1-439E-95C7-96133E486860}"
EndProject
Project("{FAE04EC0-301F-11D3-BF4B-00C04F79EFBC}") = "CollegeFootballAPI", "CollegeFootballAPI\CollegeFootballAPI.csproj", "{59081649-C981-4BF6-9F22-254961F77754}"
EndProject
Global
	GlobalSection(SolutionConfigurationPlatforms) = preSolution
		Debug|Any CPU = Debug|Any CPU
		Release|Any CPU = Release|Any CPU
	EndGlobalSection
	GlobalSection(ProjectConfigurationPlatforms) = postSolution
		{6ED26C21-B2C1-439E-95C7-96133E486860}.Debug|Any CPU.ActiveCfg = Debug|Any CPU
		{6ED26C21-B2C1-439E-95C7-96133E486860}.Debug|Any CPU.Build.0 = Debug|Any CPU
		{6ED26C21-B2C1-439E-95C7-96133E486860}.Release|Any CPU.ActiveCfg = Release|Any CPU
		{6ED26C21-B2C1-439E-95C7-96133E486860}.Release|Any CPU.Build.0 = Release|Any CPU
		{59081649-C981-4BF6-9F22-254961F77754}.Debug|Any CPU.ActiveCfg = Debug|Any CPU
		{59081649-C981-4BF6-9F22-254961F77754}.Debug|Any CPU.Build.0 = Debug|Any CPU
		{59081649-C981-4BF6-9F22-254961F77754}.Release|Any CPU.ActiveCfg = Release|Any CPU
		{59081649-C981-4BF6-9F22-254961F77754}.Release|Any CPU.Build.0 = Release|Any CPU
	EndGlobalSection
	GlobalSection(SolutionProperties) = preSolution
		HideSolutionNode = FALSE
	EndGlobalSection
	GlobalSection(ExtensibilityGlobals) = postSolution
		SolutionGuid = {E390F17C-C97D-430A-9CD8-ACF3C15821DD}
	EndGlobalSection
EndGlobal
